// !$*UTF8*$!
{
	archiveVersion = 1;
	classes = {
	};
	objectVersion = 46;
	objects = {

/* Begin PBXBuildFile section */
		5FEEE3651D45416200E237FC /* AppDelegate.swift in Sources */ = {isa = PBXBuildFile; fileRef = 5FEEE3641D45416200E237FC /* AppDelegate.swift */; };
		5FEEE3671D45416200E237FC /* ViewController.swift in Sources */ = {isa = PBXBuildFile; fileRef = 5FEEE3661D45416200E237FC /* ViewController.swift */; };
		5FEEE36C1D45416200E237FC /* Assets.xcassets in Resources */ = {isa = PBXBuildFile; fileRef = 5FEEE36B1D45416200E237FC /* Assets.xcassets */; };
		5FEEE36F1D45416200E237FC /* LaunchScreen.storyboard in Resources */ = {isa = PBXBuildFile; fileRef = 5FEEE36D1D45416200E237FC /* LaunchScreen.storyboard */; };
		5FEEE3771D45438E00E237FC /* Main.storyboard in Resources */ = {isa = PBXBuildFile; fileRef = 5FEEE3761D45438E00E237FC /* Main.storyboard */; };
		5FEEE3791D4547C400E237FC /* EventListTableViewController.swift in Sources */ = {isa = PBXBuildFile; fileRef = 5FEEE3781D4547C400E237FC /* EventListTableViewController.swift */; };
		5FEEE37D1D454EBD00E237FC /* EventListCell.swift in Sources */ = {isa = PBXBuildFile; fileRef = 5FEEE37C1D454EBD00E237FC /* EventListCell.swift */; };
/* End PBXBuildFile section */

/* Begin PBXFileReference section */
		5FEEE3611D45416100E237FC /* YouEvents.app */ = {isa = PBXFileReference; explicitFileType = wrapper.application; includeInIndex = 0; path = YouEvents.app; sourceTree = BUILT_PRODUCTS_DIR; };
		5FEEE3641D45416200E237FC /* AppDelegate.swift */ = {isa = PBXFileReference; lastKnownFileType = sourcecode.swift; path = AppDelegate.swift; sourceTree = "<group>"; };
		5FEEE3661D45416200E237FC /* ViewController.swift */ = {isa = PBXFileReference; lastKnownFileType = sourcecode.swift; path = ViewController.swift; sourceTree = "<group>"; };
		5FEEE36B1D45416200E237FC /* Assets.xcassets */ = {isa = PBXFileReference; lastKnownFileType = folder.assetcatalog; path = Assets.xcassets; sourceTree = "<group>"; };
		5FEEE36E1D45416200E237FC /* Base */ = {isa = PBXFileReference; lastKnownFileType = file.storyboard; name = Base; path = Base.lproj/LaunchScreen.storyboard; sourceTree = "<group>"; };
		5FEEE3701D45416200E237FC /* Info.plist */ = {isa = PBXFileReference; lastKnownFileType = text.plist.xml; path = Info.plist; sourceTree = "<group>"; };
		5FEEE3761D45438E00E237FC /* Main.storyboard */ = {isa = PBXFileReference; fileEncoding = 4; lastKnownFileType = file.storyboard; path = Main.storyboard; sourceTree = "<group>"; };
		5FEEE3781D4547C400E237FC /* EventListTableViewController.swift */ = {isa = PBXFileReference; fileEncoding = 4; lastKnownFileType = sourcecode.swift; path = EventListTableViewController.swift; sourceTree = "<group>"; };
		5FEEE37C1D454EBD00E237FC /* EventListCell.swift */ = {isa = PBXFileReference; fileEncoding = 4; lastKnownFileType = sourcecode.swift; name = EventListCell.swift; path = ../EventListCell.swift; sourceTree = "<group>"; };
/* End PBXFileReference section */

/* Begin PBXFrameworksBuildPhase section */
		5FEEE35E1D45416100E237FC /* Frameworks */ = {
			isa = PBXFrameworksBuildPhase;
			buildActionMask = 2147483647;
			files = (
			);
			runOnlyForDeploymentPostprocessing = 0;
		};
/* End PBXFrameworksBuildPhase section */

/* Begin PBXGroup section */
		5FEEE3581D45416100E237FC = {
			isa = PBXGroup;
			children = (
				5FEEE3631D45416100E237FC /* YouEvents */,
				5FEEE3621D45416100E237FC /* Products */,
			);
			sourceTree = "<group>";
		};
		5FEEE3621D45416100E237FC /* Products */ = {
			isa = PBXGroup;
			children = (
				5FEEE3611D45416100E237FC /* YouEvents.app */,
			);
			name = Products;
			sourceTree = "<group>";
		};
		5FEEE3631D45416100E237FC /* YouEvents */ = {
			isa = PBXGroup;
			children = (
				5FEEE3641D45416200E237FC /* AppDelegate.swift */,
				5FEEE3661D45416200E237FC /* ViewController.swift */,
				5FEEE3761D45438E00E237FC /* Main.storyboard */,
				5FEEE3781D4547C400E237FC /* EventListTableViewController.swift */,
				5FEEE37C1D454EBD00E237FC /* EventListCell.swift */,
				5FEEE36B1D45416200E237FC /* Assets.xcassets */,
				5FEEE36D1D45416200E237FC /* LaunchScreen.storyboard */,
				5FEEE3701D45416200E237FC /* Info.plist */,
			);
			path = YouEvents;
			sourceTree = "<group>";
		};
/* End PBXGroup section */

/* Begin PBXNativeTarget section */
		5FEEE3601D45416100E237FC /* YouEvents */ = {
			isa = PBXNativeTarget;
			buildConfigurationList = 5FEEE3731D45416200E237FC /* Build configuration list for PBXNativeTarget "YouEvents" */;
			buildPhases = (
				5FEEE35D1D45416100E237FC /* Sources */,
				5FEEE35E1D45416100E237FC /* Frameworks */,
				5FEEE35F1D45416100E237FC /* Resources */,
			);
			buildRules = (
			);
			dependencies = (
			);
			name = YouEvents;
			productName = YouEvents;
			productReference = 5FEEE3611D45416100E237FC /* YouEvents.app */;
			productType = "com.apple.product-type.application";
		};
/* End PBXNativeTarget section */

/* Begin PBXProject section */
		5FEEE3591D45416100E237FC /* Project object */ = {
			isa = PBXProject;
			attributes = {
				LastSwiftUpdateCheck = 0730;
				LastUpgradeCheck = 0730;
				ORGANIZATIONNAME = "Roeut Chak";
				TargetAttributes = {
					5FEEE3601D45416100E237FC = {
						CreatedOnToolsVersion = 7.3.1;
						DevelopmentTeam = 4VTLW239XZ;
					};
				};
			};
			buildConfigurationList = 5FEEE35C1D45416100E237FC /* Build configuration list for PBXProject "YouEvents" */;
			compatibilityVersion = "Xcode 3.2";
			developmentRegion = English;
			hasScannedForEncodings = 0;
			knownRegions = (
				en,
				Base,
			);
			mainGroup = 5FEEE3581D45416100E237FC;
			productRefGroup = 5FEEE3621D45416100E237FC /* Products */;
			projectDirPath = "";
			projectRoot = "";
			targets = (
				5FEEE3601D45416100E237FC /* YouEvents */,
			);
		};
/* End PBXProject section */

/* Begin PBXResourcesBuildPhase section */
		5FEEE35F1D45416100E237FC /* Resources */ = {
			isa = PBXResourcesBuildPhase;
			buildActionMask = 2147483647;
			files = (
				5FEEE3771D45438E00E237FC /* Main.storyboard in Resources */,
				5FEEE36F1D45416200E237FC /* LaunchScreen.storyboard in Resources */,
				5FEEE36C1D45416200E237FC /* Assets.xcassets in Resources */,
			);
			runOnlyForDeploymentPostprocessing = 0;
		};
/* End PBXResourcesBuildPhase section */

/* Begin PBXSourcesBuildPhase section */
		5FEEE35D1D45416100E237FC /* Sources */ = {
			isa = PBXSourcesBuildPhase;
			buildActionMask = 2147483647;
			files = (
				5FEEE37D1D454EBD00E237FC /* EventListCell.swift in Sources */,
				5FEEE3791D4547C400E237FC /* EventListTableViewController.swift in Sources */,
				5FEEE3671D45416200E237FC /* ViewController.swift in Sources */,
				5FEEE3651D45416200E237FC /* AppDelegate.swift in Sources */,
			);
			runOnlyForDeploymentPostprocessing = 0;
		};
/* End PBXSourcesBuildPhase section */

/* Begin PBXVariantGroup section */
		5FEEE36D1D45416200E237FC /* LaunchScreen.storyboard */ = {
			isa = PBXVariantGroup;
			children = (
				5FEEE36E1D45416200E237FC /* Base */,
			);
			name = LaunchScreen.storyboard;
			sourceTree = "<group>";
		};
/* End PBXVariantGroup section */

/* Begin XCBuildConfiguration section */
		5FEEE3711D45416200E237FC /* Debug */ = {
			isa = XCBuildConfiguration;
			buildSettings = {
				ALWAYS_SEARCH_USER_PATHS = NO;
				CLANG_ANALYZER_NONNULL = YES;
				CLANG_CXX_LANGUAGE_STANDARD = "gnu++0x";
				CLANG_CXX_LIBRARY = "libc++";
				CLANG_ENABLE_MODULES = YES;
				CLANG_ENABLE_OBJC_ARC = YES;
				CLANG_WARN_BOOL_CONVERSION = YES;
				CLANG_WARN_CONSTANT_CONVERSION = YES;
				CLANG_WARN_DIRECT_OBJC_ISA_USAGE = YES_ERROR;
				CLANG_WARN_EMPTY_BODY = YES;
				CLANG_WARN_ENUM_CONVERSION = YES;
				CLANG_WARN_INT_CONVERSION = YES;
				CLANG_WARN_OBJC_ROOT_CLASS = YES_ERROR;
				CLANG_WARN_UNREACHABLE_CODE = YES;
				CLANG_WARN__DUPLICATE_METHOD_MATCH = YES;
				"CODE_SIGN_IDENTITY[sdk=iphoneos*]" = "iPhone Developer";
				COPY_PHASE_STRIP = NO;
				DEBUG_INFORMATION_FORMAT = dwarf;
				ENABLE_STRICT_OBJC_MSGSEND = YES;
				ENABLE_TESTABILITY = YES;
				GCC_C_LANGUAGE_STANDARD = gnu99;
				GCC_DYNAMIC_NO_PIC = NO;
				GCC_NO_COMMON_BLOCKS = YES;
				GCC_OPTIMIZATION_LEVEL = 0;
				GCC_PREPROCESSOR_DEFINITIONS = (
					"DEBUG=1",
					"$(inherited)",
				);
				GCC_WARN_64_TO_32_BIT_CONVERSION = YES;
				GCC_WARN_ABOUT_RETURN_TYPE = YES_ERROR;
				GCC_WARN_UNDECLARED_SELECTOR = YES;
				GCC_WARN_UNINITIALIZED_AUTOS = YES_AGGRESSIVE;
				GCC_WARN_UNUSED_FUNCTION = YES;
				GCC_WARN_UNUSED_VARIABLE = YES;
				IPHONEOS_DEPLOYMENT_TARGET = 9.3;
				MTL_ENABLE_DEBUG_INFO = YES;
				ONLY_ACTIVE_ARCH = YES;
				SDKROOT = iphoneos;
				SWIFT_OPTIMIZATION_LEVEL = "-Onone";
			};
			name = Debug;
		};
		5FEEE3721D45416200E237FC /* Release */ = {
			isa = XCBuildConfiguration;
			buildSettings = {
				ALWAYS_SEARCH_USER_PATHS = NO;
				CLANG_ANALYZER_NONNULL = YES;
				CLANG_CXX_LANGUAGE_STANDARD = "gnu++0x";
				CLANG_CXX_LIBRARY = "libc++";
				CLANG_ENABLE_MODULES = YES;
				CLANG_ENABLE_OBJC_ARC = YES;
				CLANG_WARN_BOOL_CONVERSION = YES;
				CLANG_WARN_CONSTANT_CONVERSION = YES;
				CLANG_WARN_DIRECT_OBJC_ISA_USAGE = YES_ERROR;
				CLANG_WARN_EMPTY_BODY = YES;
				CLANG_WARN_ENUM_CONVERSION = YES;
				CLANG_WARN_INT_CONVERSION = YES;
				CLANG_WARN_OBJC_ROOT_CLASS = YES_ERROR;
				CLANG_WARN_UNREACHABLE_CODE = YES;
				CLANG_WARN__DUPLICATE_METHOD_MATCH = YES;
				"CODE_SIGN_IDENTITY[sdk=iphoneos*]" = "iPhone Developer";
				COPY_PHASE_STRIP = NO;
				DEBUG_INFORMATION_FORMAT = "dwarf-with-dsym";
				ENABLE_NS_ASSERTIONS = NO;
				ENABLE_STRICT_OBJC_MSGSEND = YES;
				GCC_C_LANGUAGE_STANDARD = gnu99;
				GCC_NO_COMMON_BLOCKS = YES;
				GCC_WARN_64_TO_32_BIT_CONVERSION = YES;
				GCC_WARN_ABOUT_RETURN_TYPE = YES_ERROR;
				GCC_WARN_UNDECLARED_SELECTOR = YES;
				GCC_WARN_UNINITIALIZED_AUTOS = YES_AGGRESSIVE;
				GCC_WARN_UNUSED_FUNCTION = YES;
				GCC_WARN_UNUSED_VARIABLE = YES;
				IPHONEOS_DEPLOYMENT_TARGET = 9.3;
				MTL_ENABLE_DEBUG_INFO = NO;
				SDKROOT = iphoneos;
				VALIDATE_PRODUCT = YES;
			};
			name = Release;
		};
		5FEEE3741D45416200E237FC /* Debug */ = {
			isa = XCBuildConfiguration;
			buildSettings = {
				ASSETCATALOG_COMPILER_APPICON_NAME = AppIcon;
				INFOPLIST_FILE = YouEvents/Info.plist;
				LD_RUNPATH_SEARCH_PATHS = "$(inherited) @executable_path/Frameworks";
				PRODUCT_BUNDLE_IDENTIFIER = com.roc.coder34.YouEvents;
				PRODUCT_NAME = "$(TARGET_NAME)";
			};
			name = Debug;
		};
		5FEEE3751D45416200E237FC /* Release */ = {
			isa = XCBuildConfiguration;
			buildSettings = {
				ASSETCATALOG_COMPILER_APPICON_NAME = AppIcon;
				INFOPLIST_FILE = YouEvents/Info.plist;
				LD_RUNPATH_SEARCH_PATHS = "$(inherited) @executable_path/Frameworks";
				PRODUCT_BUNDLE_IDENTIFIER = com.roc.coder34.YouEvents;
				PRODUCT_NAME = "$(TARGET_NAME)";
			};
			name = Release;
		};
/* End XCBuildConfiguration section */

/* Begin XCConfigurationList section */
		5FEEE35C1D45416100E237FC /* Build configuration list for PBXProject "YouEvents" */ = {
			isa = XCConfigurationList;
			buildConfigurations = (
				5FEEE3711D45416200E237FC /* Debug */,
				5FEEE3721D45416200E237FC /* Release */,
			);
			defaultConfigurationIsVisible = 0;
			defaultConfigurationName = Release;
		};
		5FEEE3731D45416200E237FC /* Build configuration list for PBXNativeTarget "YouEvents" */ = {
			isa = XCConfigurationList;
			buildConfigurations = (
				5FEEE3741D45416200E237FC /* Debug */,
				5FEEE3751D45416200E237FC /* Release */,
			);
			defaultConfigurationIsVisible = 0;
			defaultConfigurationName = Release;
		};
/* End XCConfigurationList section */
	};
	rootObject = 5FEEE3591D45416100E237FC /* Project object */;
}
